
Microsoft Visual Studio Solution File, Format Version 12.00
# Visual Studio 15
VisualStudioVersion = 15.0.27130.2010
MinimumVisualStudioVersion = 10.0.40219.1
Project("{FAE04EC0-301F-11D3-BF4B-00C04F79EFBC}") = "FootieData.Ui", "FootieData.Ui\FootieData.Ui.csproj", "{98F932B0-8C64-4A71-ABA0-09CC1C1717E4}"
EndProject
Project("{FAE04EC0-301F-11D3-BF4B-00C04F79EFBC}") = "FootieData.Gateway", "FootieData.Gateway\FootieData.Gateway.csproj", "{296F4CC7-491D-47E3-8CAF-E88DD3223C6C}"
EndProject
Project("{FAE04EC0-301F-11D3-BF4B-00C04F79EFBC}") = "FootyData.Entities", "FootyData.Entities\FootyData.Entities.csproj", "{7689BD11-C3BE-43A1-983E-A66E9F22AF7C}"
EndProject
Global
	GlobalSection(SolutionConfigurationPlatforms) = preSolution
		Debug|Any CPU = Debug|Any CPU
		Release|Any CPU = Release|Any CPU
	EndGlobalSection
	GlobalSection(ProjectConfigurationPlatforms) = postSolution
		{98F932B0-8C64-4A71-ABA0-09CC1C1717E4}.Debug|Any CPU.ActiveCfg = Debug|Any CPU
		{98F932B0-8C64-4A71-ABA0-09CC1C1717E4}.Debug|Any CPU.Build.0 = Debug|Any CPU
		{98F932B0-8C64-4A71-ABA0-09CC1C1717E4}.Release|Any CPU.ActiveCfg = Release|Any CPU
		{98F932B0-8C64-4A71-ABA0-09CC1C1717E4}.Release|Any CPU.Build.0 = Release|Any CPU
		{296F4CC7-491D-47E3-8CAF-E88DD3223C6C}.Debug|Any CPU.ActiveCfg = Debug|Any CPU
		{296F4CC7-491D-47E3-8CAF-E88DD3223C6C}.Debug|Any CPU.Build.0 = Debug|Any CPU
		{296F4CC7-491D-47E3-8CAF-E88DD3223C6C}.Release|Any CPU.ActiveCfg = Release|Any CPU
		{296F4CC7-491D-47E3-8CAF-E88DD3223C6C}.Release|Any CPU.Build.0 = Release|Any CPU
		{7689BD11-C3BE-43A1-983E-A66E9F22AF7C}.Debug|Any CPU.ActiveCfg = Debug|Any CPU
		{7689BD11-C3BE-43A1-983E-A66E9F22AF7C}.Debug|Any CPU.Build.0 = Debug|Any CPU
		{7689BD11-C3BE-43A1-983E-A66E9F22AF7C}.Release|Any CPU.ActiveCfg = Release|Any CPU
		{7689BD11-C3BE-43A1-983E-A66E9F22AF7C}.Release|Any CPU.Build.0 = Release|Any CPU
	EndGlobalSection
	GlobalSection(SolutionProperties) = preSolution
		HideSolutionNode = FALSE
	EndGlobalSection
	GlobalSection(ExtensibilityGlobals) = postSolution
		SolutionGuid = {699326A4-8146-419B-AAC4-67111F252206}
	EndGlobalSection
EndGlobal
