
Microsoft Visual Studio Solution File, Format Version 12.00
# Visual Studio 15
VisualStudioVersion = 15.0.27130.2010
MinimumVisualStudioVersion = 10.0.40219.1
Project("{FAE04EC0-301F-11D3-BF4B-00C04F79EFBC}") = "FootieData.Gateway", "FootieData.Gateway\FootieData.Gateway.csproj", "{296F4CC7-491D-47E3-8CAF-E88DD3223C6C}"
EndProject
Project("{FAE04EC0-301F-11D3-BF4B-00C04F79EFBC}") = "FootieData.Entities", "FootyData.Entities\FootieData.Entities.csproj", "{7689BD11-C3BE-43A1-983E-A66E9F22AF7C}"
EndProject
Project("{2150E333-8FDC-42A3-9474-1A3956D46DE8}") = "Solution Items", "Solution Items", "{B6071EB5-C79D-45FE-94B4-46538E606B11}"
	ProjectSection(SolutionItems) = preProject
		..\CHANGELOG.md = ..\CHANGELOG.md
		..\LICENSE.txt = ..\LICENSE.txt
		..\README.md = ..\README.md
	EndProjectSection
EndProject
Project("{FAE04EC0-301F-11D3-BF4B-00C04F79EFBC}") = "FootieData.Vsix", "FootieData.Vsix\FootieData.Vsix.csproj", "{CEF49E5C-E22C-45F1-B67F-768C77E3F4CF}"
EndProject
Project("{FAE04EC0-301F-11D3-BF4B-00C04F79EFBC}") = "HierarchicalDataTemplate", "zNew folder\HierarchicalDataTemplate.csproj", "{94BC79FC-D70E-4FD9-8FD5-D2994CB09FDF}"
EndProject
Global
	GlobalSection(SolutionConfigurationPlatforms) = preSolution
		Debug|Any CPU = Debug|Any CPU
		Release|Any CPU = Release|Any CPU
	EndGlobalSection
	GlobalSection(ProjectConfigurationPlatforms) = postSolution
		{296F4CC7-491D-47E3-8CAF-E88DD3223C6C}.Debug|Any CPU.ActiveCfg = Debug|Any CPU
		{296F4CC7-491D-47E3-8CAF-E88DD3223C6C}.Debug|Any CPU.Build.0 = Debug|Any CPU
		{296F4CC7-491D-47E3-8CAF-E88DD3223C6C}.Release|Any CPU.ActiveCfg = Release|Any CPU
		{296F4CC7-491D-47E3-8CAF-E88DD3223C6C}.Release|Any CPU.Build.0 = Release|Any CPU
		{7689BD11-C3BE-43A1-983E-A66E9F22AF7C}.Debug|Any CPU.ActiveCfg = Debug|Any CPU
		{7689BD11-C3BE-43A1-983E-A66E9F22AF7C}.Debug|Any CPU.Build.0 = Debug|Any CPU
		{7689BD11-C3BE-43A1-983E-A66E9F22AF7C}.Release|Any CPU.ActiveCfg = Release|Any CPU
		{7689BD11-C3BE-43A1-983E-A66E9F22AF7C}.Release|Any CPU.Build.0 = Release|Any CPU
		{CEF49E5C-E22C-45F1-B67F-768C77E3F4CF}.Debug|Any CPU.ActiveCfg = Debug|Any CPU
		{CEF49E5C-E22C-45F1-B67F-768C77E3F4CF}.Debug|Any CPU.Build.0 = Debug|Any CPU
		{CEF49E5C-E22C-45F1-B67F-768C77E3F4CF}.Release|Any CPU.ActiveCfg = Release|Any CPU
		{CEF49E5C-E22C-45F1-B67F-768C77E3F4CF}.Release|Any CPU.Build.0 = Release|Any CPU
		{94BC79FC-D70E-4FD9-8FD5-D2994CB09FDF}.Debug|Any CPU.ActiveCfg = Debug|Any CPU
		{94BC79FC-D70E-4FD9-8FD5-D2994CB09FDF}.Debug|Any CPU.Build.0 = Debug|Any CPU
		{94BC79FC-D70E-4FD9-8FD5-D2994CB09FDF}.Release|Any CPU.ActiveCfg = Release|Any CPU
		{94BC79FC-D70E-4FD9-8FD5-D2994CB09FDF}.Release|Any CPU.Build.0 = Release|Any CPU
	EndGlobalSection
	GlobalSection(SolutionProperties) = preSolution
		HideSolutionNode = FALSE
	EndGlobalSection
	GlobalSection(ExtensibilityGlobals) = postSolution
		SolutionGuid = {699326A4-8146-419B-AAC4-67111F252206}
	EndGlobalSection
EndGlobal
